
Microsoft Visual Studio Solution File, Format Version 12.00
# Visual Studio Version 17
VisualStudioVersion = 17.2.32602.215
MinimumVisualStudioVersion = 10.0.40219.1
Project("{9A19103F-16F7-4668-BE54-9A1E7A4F7556}") = "Basic.Cookies", "Basic.Cookies\Basic.Cookies.csproj", "{CAE39B9A-66A2-4A85-A3BA-8203555CFBE9}"
EndProject
Project("{2150E333-8FDC-42A3-9474-1A3956D46DE8}") = "Basics", "Basics", "{DE535A64-CA1F-4B09-9A4D-D8192C47119C}"
EndProject
Project("{9A19103F-16F7-4668-BE54-9A1E7A4F7556}") = "IdentityExample", "IdentityExample\IdentityExample.csproj", "{E500C728-DF9A-41C9-B0B7-421DDC427DC6}"
EndProject
Project("{2150E333-8FDC-42A3-9474-1A3956D46DE8}") = "oauth", "oauth", "{A876FD98-D793-46E9-BACB-BE24FC676265}"
EndProject
Project("{9A19103F-16F7-4668-BE54-9A1E7A4F7556}") = "Server", "Server\Server.csproj", "{62F5B96D-F3A3-427F-BC99-0A6F8845F45D}"
EndProject
Project("{9A19103F-16F7-4668-BE54-9A1E7A4F7556}") = "Client", "Client\Client.csproj", "{4A9B97A8-3FF9-4C6A-AD26-38701BBF0168}"
EndProject
Project("{9A19103F-16F7-4668-BE54-9A1E7A4F7556}") = "Api", "Api\Api.csproj", "{018D636B-124F-4BBF-BBCC-7EEB2082E7B5}"
EndProject
Project("{2150E333-8FDC-42A3-9474-1A3956D46DE8}") = "IdentityServer4", "IdentityServer4", "{D5001577-89F4-4FD6-93EF-977AA8930C70}"
EndProject
Project("{9A19103F-16F7-4668-BE54-9A1E7A4F7556}") = "IdentityServer", "IdentityServer\IdentityServer.csproj", "{9D081668-DBAD-4A39-A4CB-A8CDDE7449DF}"
EndProject
Project("{9A19103F-16F7-4668-BE54-9A1E7A4F7556}") = "Api1", "Api1\Api1.csproj", "{03F3C809-AF59-476A-8303-751EFD5E5666}"
EndProject
Project("{9A19103F-16F7-4668-BE54-9A1E7A4F7556}") = "MvcClient", "MvcClient\MvcClient.csproj", "{3AE61502-14AA-4F7D-84FC-916AE13A7C9D}"
EndProject
Project("{FAE04EC0-301F-11D3-BF4B-00C04F79EFBC}") = "Api2", "Api2\Api2.csproj", "{A28B0360-867A-42A3-8B43-F783C9BEE5E1}"
EndProject
Project("{FAE04EC0-301F-11D3-BF4B-00C04F79EFBC}") = "JavascriptClient", "JavascriptClient\JavascriptClient.csproj", "{16CDEE9E-8C37-4709-B38A-77A6D0DE0CC1}"
EndProject
Global
	GlobalSection(SolutionConfigurationPlatforms) = preSolution
		Debug|Any CPU = Debug|Any CPU
		Release|Any CPU = Release|Any CPU
	EndGlobalSection
	GlobalSection(ProjectConfigurationPlatforms) = postSolution
		{CAE39B9A-66A2-4A85-A3BA-8203555CFBE9}.Debug|Any CPU.ActiveCfg = Debug|Any CPU
		{CAE39B9A-66A2-4A85-A3BA-8203555CFBE9}.Debug|Any CPU.Build.0 = Debug|Any CPU
		{CAE39B9A-66A2-4A85-A3BA-8203555CFBE9}.Release|Any CPU.ActiveCfg = Release|Any CPU
		{CAE39B9A-66A2-4A85-A3BA-8203555CFBE9}.Release|Any CPU.Build.0 = Release|Any CPU
		{E500C728-DF9A-41C9-B0B7-421DDC427DC6}.Debug|Any CPU.ActiveCfg = Debug|Any CPU
		{E500C728-DF9A-41C9-B0B7-421DDC427DC6}.Debug|Any CPU.Build.0 = Debug|Any CPU
		{E500C728-DF9A-41C9-B0B7-421DDC427DC6}.Release|Any CPU.ActiveCfg = Release|Any CPU
		{E500C728-DF9A-41C9-B0B7-421DDC427DC6}.Release|Any CPU.Build.0 = Release|Any CPU
		{62F5B96D-F3A3-427F-BC99-0A6F8845F45D}.Debug|Any CPU.ActiveCfg = Debug|Any CPU
		{62F5B96D-F3A3-427F-BC99-0A6F8845F45D}.Debug|Any CPU.Build.0 = Debug|Any CPU
		{62F5B96D-F3A3-427F-BC99-0A6F8845F45D}.Release|Any CPU.ActiveCfg = Release|Any CPU
		{62F5B96D-F3A3-427F-BC99-0A6F8845F45D}.Release|Any CPU.Build.0 = Release|Any CPU
		{4A9B97A8-3FF9-4C6A-AD26-38701BBF0168}.Debug|Any CPU.ActiveCfg = Debug|Any CPU
		{4A9B97A8-3FF9-4C6A-AD26-38701BBF0168}.Debug|Any CPU.Build.0 = Debug|Any CPU
		{4A9B97A8-3FF9-4C6A-AD26-38701BBF0168}.Release|Any CPU.ActiveCfg = Release|Any CPU
		{4A9B97A8-3FF9-4C6A-AD26-38701BBF0168}.Release|Any CPU.Build.0 = Release|Any CPU
		{018D636B-124F-4BBF-BBCC-7EEB2082E7B5}.Debug|Any CPU.ActiveCfg = Debug|Any CPU
		{018D636B-124F-4BBF-BBCC-7EEB2082E7B5}.Debug|Any CPU.Build.0 = Debug|Any CPU
		{018D636B-124F-4BBF-BBCC-7EEB2082E7B5}.Release|Any CPU.ActiveCfg = Release|Any CPU
		{018D636B-124F-4BBF-BBCC-7EEB2082E7B5}.Release|Any CPU.Build.0 = Release|Any CPU
		{9D081668-DBAD-4A39-A4CB-A8CDDE7449DF}.Debug|Any CPU.ActiveCfg = Debug|Any CPU
		{9D081668-DBAD-4A39-A4CB-A8CDDE7449DF}.Debug|Any CPU.Build.0 = Debug|Any CPU
		{9D081668-DBAD-4A39-A4CB-A8CDDE7449DF}.Release|Any CPU.ActiveCfg = Release|Any CPU
		{9D081668-DBAD-4A39-A4CB-A8CDDE7449DF}.Release|Any CPU.Build.0 = Release|Any CPU
		{03F3C809-AF59-476A-8303-751EFD5E5666}.Debug|Any CPU.ActiveCfg = Debug|Any CPU
		{03F3C809-AF59-476A-8303-751EFD5E5666}.Debug|Any CPU.Build.0 = Debug|Any CPU
		{03F3C809-AF59-476A-8303-751EFD5E5666}.Release|Any CPU.ActiveCfg = Release|Any CPU
		{03F3C809-AF59-476A-8303-751EFD5E5666}.Release|Any CPU.Build.0 = Release|Any CPU
		{3AE61502-14AA-4F7D-84FC-916AE13A7C9D}.Debug|Any CPU.ActiveCfg = Debug|Any CPU
		{3AE61502-14AA-4F7D-84FC-916AE13A7C9D}.Debug|Any CPU.Build.0 = Debug|Any CPU
		{3AE61502-14AA-4F7D-84FC-916AE13A7C9D}.Release|Any CPU.ActiveCfg = Release|Any CPU
		{3AE61502-14AA-4F7D-84FC-916AE13A7C9D}.Release|Any CPU.Build.0 = Release|Any CPU
		{A28B0360-867A-42A3-8B43-F783C9BEE5E1}.Debug|Any CPU.ActiveCfg = Debug|Any CPU
		{A28B0360-867A-42A3-8B43-F783C9BEE5E1}.Debug|Any CPU.Build.0 = Debug|Any CPU
		{A28B0360-867A-42A3-8B43-F783C9BEE5E1}.Release|Any CPU.ActiveCfg = Release|Any CPU
		{A28B0360-867A-42A3-8B43-F783C9BEE5E1}.Release|Any CPU.Build.0 = Release|Any CPU
		{16CDEE9E-8C37-4709-B38A-77A6D0DE0CC1}.Debug|Any CPU.ActiveCfg = Debug|Any CPU
		{16CDEE9E-8C37-4709-B38A-77A6D0DE0CC1}.Debug|Any CPU.Build.0 = Debug|Any CPU
		{16CDEE9E-8C37-4709-B38A-77A6D0DE0CC1}.Release|Any CPU.ActiveCfg = Release|Any CPU
		{16CDEE9E-8C37-4709-B38A-77A6D0DE0CC1}.Release|Any CPU.Build.0 = Release|Any CPU
	EndGlobalSection
	GlobalSection(SolutionProperties) = preSolution
		HideSolutionNode = FALSE
	EndGlobalSection
	GlobalSection(NestedProjects) = preSolution
		{CAE39B9A-66A2-4A85-A3BA-8203555CFBE9} = {DE535A64-CA1F-4B09-9A4D-D8192C47119C}
		{E500C728-DF9A-41C9-B0B7-421DDC427DC6} = {DE535A64-CA1F-4B09-9A4D-D8192C47119C}
		{62F5B96D-F3A3-427F-BC99-0A6F8845F45D} = {A876FD98-D793-46E9-BACB-BE24FC676265}
		{4A9B97A8-3FF9-4C6A-AD26-38701BBF0168} = {A876FD98-D793-46E9-BACB-BE24FC676265}
		{018D636B-124F-4BBF-BBCC-7EEB2082E7B5} = {A876FD98-D793-46E9-BACB-BE24FC676265}
		{9D081668-DBAD-4A39-A4CB-A8CDDE7449DF} = {D5001577-89F4-4FD6-93EF-977AA8930C70}
		{03F3C809-AF59-476A-8303-751EFD5E5666} = {D5001577-89F4-4FD6-93EF-977AA8930C70}
		{3AE61502-14AA-4F7D-84FC-916AE13A7C9D} = {D5001577-89F4-4FD6-93EF-977AA8930C70}
		{A28B0360-867A-42A3-8B43-F783C9BEE5E1} = {D5001577-89F4-4FD6-93EF-977AA8930C70}
		{16CDEE9E-8C37-4709-B38A-77A6D0DE0CC1} = {D5001577-89F4-4FD6-93EF-977AA8930C70}
	EndGlobalSection
	GlobalSection(ExtensibilityGlobals) = postSolution
		SolutionGuid = {E045AD0C-871D-45CA-B293-D3EB8A3175F8}
	EndGlobalSection
EndGlobal
